
Microsoft Visual Studio Solution File, Format Version 12.00
# Visual Studio 2012
Project("{FAE04EC0-301F-11D3-BF4B-00C04F79EFBC}") = "cpusched", "cpusched.csproj", "{42698B74-81D7-44DD-87AB-8B0995C2D9B8}"
EndProject
Global
	GlobalSection(SolutionConfigurationPlatforms) = preSolution
		Debug|Any CPU = Debug|Any CPU
		Release|Any CPU = Release|Any CPU
	EndGlobalSection
	GlobalSection(ProjectConfigurationPlatforms) = postSolution
		{42698B74-81D7-44DD-87AB-8B0995C2D9B8}.Debug|Any CPU.ActiveCfg = Debug|Any CPU
		{42698B74-81D7-44DD-87AB-8B0995C2D9B8}.Debug|Any CPU.Build.0 = Debug|Any CPU
		{42698B74-81D7-44DD-87AB-8B0995C2D9B8}.Release|Any CPU.ActiveCfg = Release|Any CPU
		{42698B74-81D7-44DD-87AB-8B0995C2D9B8}.Release|Any CPU.Build.0 = Release|Any CPU
	EndGlobalSection
	GlobalSection(SolutionProperties) = preSolution
		HideSolutionNode = FALSE
	EndGlobalSection
EndGlobal
